# THIS IS AN AUTOGENERATED FILE. DO NOT EDIT THIS FILE DIRECTLY.
# yarn lockfile v1


"@angular/material@^2.0.0-beta.11":
  version "2.0.0-beta.11"
  resolved "https://registry.yarnpkg.com/@angular/material/-/material-2.0.0-beta.11.tgz#9124a1f50f3eb7dc28640317ee1e875f71da753a"
  dependencies:
    tslib "^1.7.1"

tslib@^1.7.1:
  version "1.7.1"
  resolved "https://registry.yarnpkg.com/tslib/-/tslib-1.7.1.tgz#bc8004164691923a79fe8378bbeb3da2017538ec"
